# This file is automatically @generated by Cargo.
# It is not intended for manual editing.
version = 4

[[package]]
name = "khmer-tokenizer-cli"
version = "0.1.0"
dependencies = [
 "khmer-tokenizer-core",
]

[[package]]
name = "khmer-tokenizer-core"
version = "0.1.0"

[[package]]
name = "khmer-tokenizer-eval"
version = "0.1.0"
dependencies = [
 "khmer-tokenizer-core",
]

[[package]]
name = "xtask"
version = "0.1.0"
dependencies = [
 "khmer-tokenizer-core",
 "khmer-tokenizer-eval",
]
